
Microsoft Visual Studio Solution File, Format Version 12.00
# Visual Studio Version 16
VisualStudioVersion = 16.0.30611.23
MinimumVisualStudioVersion = 10.0.40219.1
Project("{FAE04EC0-301F-11D3-BF4B-00C04F79EFBC}") = "CourseReg", "CourseReg\CourseReg.csproj", "{37C1B7EB-F6F7-4C2D-B3E2-B26248F48D7D}"
EndProject
Global
	GlobalSection(SolutionConfigurationPlatforms) = preSolution
		Debug|Any CPU = Debug|Any CPU
		Release|Any CPU = Release|Any CPU
	EndGlobalSection
	GlobalSection(ProjectConfigurationPlatforms) = postSolution
		{37C1B7EB-F6F7-4C2D-B3E2-B26248F48D7D}.Debug|Any CPU.ActiveCfg = Debug|Any CPU
		{37C1B7EB-F6F7-4C2D-B3E2-B26248F48D7D}.Debug|Any CPU.Build.0 = Debug|Any CPU
		{37C1B7EB-F6F7-4C2D-B3E2-B26248F48D7D}.Release|Any CPU.ActiveCfg = Release|Any CPU
		{37C1B7EB-F6F7-4C2D-B3E2-B26248F48D7D}.Release|Any CPU.Build.0 = Release|Any CPU
	EndGlobalSection
	GlobalSection(SolutionProperties) = preSolution
		HideSolutionNode = FALSE
	EndGlobalSection
	GlobalSection(ExtensibilityGlobals) = postSolution
		SolutionGuid = {CC816CB5-6954-4022-8CE5-6C70CB3676AC}
	EndGlobalSection
EndGlobal
